
Microsoft Visual Studio Solution File, Format Version 12.00
# Visual Studio Version 16
VisualStudioVersion = 16.0.33130.400
MinimumVisualStudioVersion = 10.0.40219.1
Project("{FAE04EC0-301F-11D3-BF4B-00C04F79EFBC}") = "Crystal_Report_Demo", "Crystal_Report_Demo.csproj", "{6CC2965B-CDF4-4107-AFE3-34550CEE1593}"
EndProject
Global
	GlobalSection(SolutionConfigurationPlatforms) = preSolution
		Debug|Any CPU = Debug|Any CPU
		Release|Any CPU = Release|Any CPU
	EndGlobalSection
	GlobalSection(ProjectConfigurationPlatforms) = postSolution
		{6CC2965B-CDF4-4107-AFE3-34550CEE1593}.Debug|Any CPU.ActiveCfg = Debug|Any CPU
		{6CC2965B-CDF4-4107-AFE3-34550CEE1593}.Debug|Any CPU.Build.0 = Debug|Any CPU
		{6CC2965B-CDF4-4107-AFE3-34550CEE1593}.Release|Any CPU.ActiveCfg = Release|Any CPU
		{6CC2965B-CDF4-4107-AFE3-34550CEE1593}.Release|Any CPU.Build.0 = Release|Any CPU
	EndGlobalSection
	GlobalSection(SolutionProperties) = preSolution
		HideSolutionNode = FALSE
	EndGlobalSection
	GlobalSection(ExtensibilityGlobals) = postSolution
		SolutionGuid = {F4DD2E4E-C933-4134-8C36-753C52996EB6}
	EndGlobalSection
EndGlobal
